
Microsoft Visual Studio Solution File, Format Version 12.00
# Visual Studio Version 17
VisualStudioVersion = 17.12.35707.178 d17.12
MinimumVisualStudioVersion = 10.0.40219.1
Project("{FAE04EC0-301F-11D3-BF4B-00C04F79EFBC}") = "InventorySystem", "InventorySystem.csproj", "{EBD7FB17-6CA8-45A4-B08E-D01172283789}"
EndProject
Project("{FAE04EC0-301F-11D3-BF4B-00C04F79EFBC}") = "InventorySystem.Tests", "..\InventorySystem.Tests\InventorySystem.Tests.csproj", "{6A89591E-9287-40C0-A358-A4D4AD3D3F2B}"
EndProject
Global
	GlobalSection(SolutionConfigurationPlatforms) = preSolution
		Debug|Any CPU = Debug|Any CPU
		Release|Any CPU = Release|Any CPU
	EndGlobalSection
	GlobalSection(ProjectConfigurationPlatforms) = postSolution
		{EBD7FB17-6CA8-45A4-B08E-D01172283789}.Debug|Any CPU.ActiveCfg = Debug|Any CPU
		{EBD7FB17-6CA8-45A4-B08E-D01172283789}.Debug|Any CPU.Build.0 = Debug|Any CPU
		{EBD7FB17-6CA8-45A4-B08E-D01172283789}.Release|Any CPU.ActiveCfg = Release|Any CPU
		{EBD7FB17-6CA8-45A4-B08E-D01172283789}.Release|Any CPU.Build.0 = Release|Any CPU
		{6A89591E-9287-40C0-A358-A4D4AD3D3F2B}.Debug|Any CPU.ActiveCfg = Debug|Any CPU
		{6A89591E-9287-40C0-A358-A4D4AD3D3F2B}.Debug|Any CPU.Build.0 = Debug|Any CPU
		{6A89591E-9287-40C0-A358-A4D4AD3D3F2B}.Release|Any CPU.ActiveCfg = Release|Any CPU
		{6A89591E-9287-40C0-A358-A4D4AD3D3F2B}.Release|Any CPU.Build.0 = Release|Any CPU
	EndGlobalSection
	GlobalSection(SolutionProperties) = preSolution
		HideSolutionNode = FALSE
	EndGlobalSection
EndGlobal
